
Microsoft Visual Studio Solution File, Format Version 12.00
# Visual Studio Version 16
VisualStudioVersion = 16.0.31019.35
MinimumVisualStudioVersion = 10.0.40219.1
Project("{FAE04EC0-301F-11D3-BF4B-00C04F79EFBC}") = "Consuming-Api-Rest-Cep", "Consuming-Api-Rest-Cep\Consuming-Api-Rest-Cep.csproj", "{4FBA4C2D-56FC-4D3D-B408-0CC308A0DC0E}"
EndProject
Global
	GlobalSection(SolutionConfigurationPlatforms) = preSolution
		Debug|Any CPU = Debug|Any CPU
		Release|Any CPU = Release|Any CPU
	EndGlobalSection
	GlobalSection(ProjectConfigurationPlatforms) = postSolution
		{4FBA4C2D-56FC-4D3D-B408-0CC308A0DC0E}.Debug|Any CPU.ActiveCfg = Debug|Any CPU
		{4FBA4C2D-56FC-4D3D-B408-0CC308A0DC0E}.Debug|Any CPU.Build.0 = Debug|Any CPU
		{4FBA4C2D-56FC-4D3D-B408-0CC308A0DC0E}.Release|Any CPU.ActiveCfg = Release|Any CPU
		{4FBA4C2D-56FC-4D3D-B408-0CC308A0DC0E}.Release|Any CPU.Build.0 = Release|Any CPU
	EndGlobalSection
	GlobalSection(SolutionProperties) = preSolution
		HideSolutionNode = FALSE
	EndGlobalSection
	GlobalSection(ExtensibilityGlobals) = postSolution
		SolutionGuid = {97FC146A-7424-4BCE-B3AC-242F3584829B}
	EndGlobalSection
EndGlobal
